// !$*UTF8*$!
{
	archiveVersion = 1;
	classes = {
	};
	objectVersion = 77;
	objects = {

/* Begin PBXContainerItemProxy section */
		3FE810CC2F26B6EE00CBD598 /* PBXContainerItemProxy */ = {
			isa = PBXContainerItemProxy;
			containerPortal = 3FE810AE2F26B6ED00CBD598 /* Project object */;
			proxyType = 1;
			remoteGlobalIDString = 3FE810B52F26B6ED00CBD598;
			remoteInfo = zad7;
		};
		3FE810D62F26B6EE00CBD598 /* PBXContainerItemProxy */ = {
			isa = PBXContainerItemProxy;
			containerPortal = 3FE810AE2F26B6ED00CBD598 /* Project object */;
			proxyType = 1;
			remoteGlobalIDString = 3FE810B52F26B6ED00CBD598;
			remoteInfo = zad7;
		};
/* End PBXContainerItemProxy section */

/* Begin PBXFileReference section */
		3FE810B62F26B6ED00CBD598 /* zad7.app */ = {isa = PBXFileReference; explicitFileType = wrapper.application; includeInIndex = 0; path = zad7.app; sourceTree = BUILT_PRODUCTS_DIR; };
		3FE810CB2F26B6EE00CBD598 /* zad7Tests.xctest */ = {isa = PBXFileReference; explicitFileType = wrapper.cfbundle; includeInIndex = 0; path = zad7Tests.xctest; sourceTree = BUILT_PRODUCTS_DIR; };
		3FE810D52F26B6EE00CBD598 /* zad7UITests.xctest */ = {isa = PBXFileReference; explicitFileType = wrapper.cfbundle; includeInIndex = 0; path = zad7UITests.xctest; sourceTree = BUILT_PRODUCTS_DIR; };
/* End PBXFileReference section */

/* Begin PBXFileSystemSynchronizedRootGroup section */
		3FE810B82F26B6ED00CBD598 /* zad7 */ = {
			isa = PBXFileSystemSynchronizedRootGroup;
			path = zad7;
			sourceTree = "<group>";
		};
		3FE810CE2F26B6EE00CBD598 /* zad7Tests */ = {
			isa = PBXFileSystemSynchronizedRootGroup;
			path = zad7Tests;
			sourceTree = "<group>";
		};
		3FE810D82F26B6EE00CBD598 /* zad7UITests */ = {
			isa = PBXFileSystemSynchronizedRootGroup;
			path = zad7UITests;
			sourceTree = "<group>";
		};
/* End PBXFileSystemSynchronizedRootGroup section */

/* Begin PBXFrameworksBuildPhase section */
		3FE810B32F26B6ED00CBD598 /* Frameworks */ = {
			isa = PBXFrameworksBuildPhase;
			buildActionMask = 2147483647;
			files = (
			);
			runOnlyForDeploymentPostprocessing = 0;
		};
		3FE810C82F26B6EE00CBD598 /* Frameworks */ = {
			isa = PBXFrameworksBuildPhase;
			buildActionMask = 2147483647;
			files = (
			);
			runOnlyForDeploymentPostprocessing = 0;
		};
		3FE810D22F26B6EE00CBD598 /* Frameworks */ = {
			isa = PBXFrameworksBuildPhase;
			buildActionMask = 2147483647;
			files = (
			);
			runOnlyForDeploymentPostprocessing = 0;
		};
/* End PBXFrameworksBuildPhase section */

/* Begin PBXGroup section */
		3FE810AD2F26B6ED00CBD598 = {
			isa = PBXGroup;
			children = (
				3FE810B82F26B6ED00CBD598 /* zad7 */,
				3FE810CE2F26B6EE00CBD598 /* zad7Tests */,
				3FE810D82F26B6EE00CBD598 /* zad7UITests */,
				3FE810B72F26B6ED00CBD598 /* Products */,
			);
			sourceTree = "<group>";
		};
		3FE810B72F26B6ED00CBD598 /* Products */ = {
			isa = PBXGroup;
			children = (
				3FE810B62F26B6ED00CBD598 /* zad7.app */,
				3FE810CB2F26B6EE00CBD598 /* zad7Tests.xctest */,
				3FE810D52F26B6EE00CBD598 /* zad7UITests.xctest */,
			);
			name = Products;
			sourceTree = "<group>";
		};
/* End PBXGroup section */

/* Begin PBXNativeTarget section */
		3FE810B52F26B6ED00CBD598 /* zad7 */ = {
			isa = PBXNativeTarget;
			buildConfigurationList = 3FE810DF2F26B6EE00CBD598 /* Build configuration list for PBXNativeTarget "zad7" */;
			buildPhases = (
				3FE810B22F26B6ED00CBD598 /* Sources */,
				3FE810B32F26B6ED00CBD598 /* Frameworks */,
				3FE810B42F26B6ED00CBD598 /* Resources */,
			);
			buildRules = (
			);
			dependencies = (
			);
			fileSystemSynchronizedGroups = (
				3FE810B82F26B6ED00CBD598 /* zad7 */,
			);
			name = zad7;
			packageProductDependencies = (
			);
			productName = zad7;
			productReference = 3FE810B62F26B6ED00CBD598 /* zad7.app */;
			productType = "com.apple.product-type.application";
		};
		3FE810CA2F26B6EE00CBD598 /* zad7Tests */ = {
			isa = PBXNativeTarget;
			buildConfigurationList = 3FE810E22F26B6EE00CBD598 /* Build configuration list for PBXNativeTarget "zad7Tests" */;
			buildPhases = (
				3FE810C72F26B6EE00CBD598 /* Sources */,
				3FE810C82F26B6EE00CBD598 /* Frameworks */,
				3FE810C92F26B6EE00CBD598 /* Resources */,
			);
			buildRules = (
			);
			dependencies = (
				3FE810CD2F26B6EE00CBD598 /* PBXTargetDependency */,
			);
			fileSystemSynchronizedGroups = (
				3FE810CE2F26B6EE00CBD598 /* zad7Tests */,
			);
			name = zad7Tests;
			packageProductDependencies = (
			);
			productName = zad7Tests;
			productReference = 3FE810CB2F26B6EE00CBD598 /* zad7Tests.xctest */;
			productType = "com.apple.product-type.bundle.unit-test";
		};
		3FE810D42F26B6EE00CBD598 /* zad7UITests */ = {
			isa = PBXNativeTarget;
			buildConfigurationList = 3FE810E52F26B6EE00CBD598 /* Build configuration list for PBXNativeTarget "zad7UITests" */;
			buildPhases = (
				3FE810D12F26B6EE00CBD598 /* Sources */,
				3FE810D22F26B6EE00CBD598 /* Frameworks */,
				3FE810D32F26B6EE00CBD598 /* Resources */,
			);
			buildRules = (
			);
			dependencies = (
				3FE810D72F26B6EE00CBD598 /* PBXTargetDependency */,
			);
			fileSystemSynchronizedGroups = (
				3FE810D82F26B6EE00CBD598 /* zad7UITests */,
			);
			name = zad7UITests;
			packageProductDependencies = (
			);
			productName = zad7UITests;
			productReference = 3FE810D52F26B6EE00CBD598 /* zad7UITests.xctest */;
			productType = "com.apple.product-type.bundle.ui-testing";
		};
/* End PBXNativeTarget section */

/* Begin PBXProject section */
		3FE810AE2F26B6ED00CBD598 /* Project object */ = {
			isa = PBXProject;
			attributes = {
				BuildIndependentTargetsInParallel = 1;
				LastSwiftUpdateCheck = 1620;
				LastUpgradeCheck = 1620;
				TargetAttributes = {
					3FE810B52F26B6ED00CBD598 = {
						CreatedOnToolsVersion = 16.2;
					};
					3FE810CA2F26B6EE00CBD598 = {
						CreatedOnToolsVersion = 16.2;
						TestTargetID = 3FE810B52F26B6ED00CBD598;
					};
					3FE810D42F26B6EE00CBD598 = {
						CreatedOnToolsVersion = 16.2;
						TestTargetID = 3FE810B52F26B6ED00CBD598;
					};
				};
			};
			buildConfigurationList = 3FE810B12F26B6ED00CBD598 /* Build configuration list for PBXProject "zad7" */;
			developmentRegion = en;
			hasScannedForEncodings = 0;
			knownRegions = (
				en,
				Base,
			);
			mainGroup = 3FE810AD2F26B6ED00CBD598;
			minimizedProjectReferenceProxies = 1;
			preferredProjectObjectVersion = 77;
			productRefGroup = 3FE810B72F26B6ED00CBD598 /* Products */;
			projectDirPath = "";
			projectRoot = "";
			targets = (
				3FE810B52F26B6ED00CBD598 /* zad7 */,
				3FE810CA2F26B6EE00CBD598 /* zad7Tests */,
				3FE810D42F26B6EE00CBD598 /* zad7UITests */,
			);
		};
/* End PBXProject section */

/* Begin PBXResourcesBuildPhase section */
		3FE810B42F26B6ED00CBD598 /* Resources */ = {
			isa = PBXResourcesBuildPhase;
			buildActionMask = 2147483647;
			files = (
			);
			runOnlyForDeploymentPostprocessing = 0;
		};
		3FE810C92F26B6EE00CBD598 /* Resources */ = {
			isa = PBXResourcesBuildPhase;
			buildActionMask = 2147483647;
			files = (
			);
			runOnlyForDeploymentPostprocessing = 0;
		};
		3FE810D32F26B6EE00CBD598 /* Resources */ = {
			isa = PBXResourcesBuildPhase;
			buildActionMask = 2147483647;
			files = (
			);
			runOnlyForDeploymentPostprocessing = 0;
		};
/* End PBXResourcesBuildPhase section */

/* Begin PBXSourcesBuildPhase section */
		3FE810B22F26B6ED00CBD598 /* Sources */ = {
			isa = PBXSourcesBuildPhase;
			buildActionMask = 2147483647;
			files = (
			);
			runOnlyForDeploymentPostprocessing = 0;
		};
		3FE810C72F26B6EE00CBD598 /* Sources */ = {
			isa = PBXSourcesBuildPhase;
			buildActionMask = 2147483647;
			files = (
			);
			runOnlyForDeploymentPostprocessing = 0;
		};
		3FE810D12F26B6EE00CBD598 /* Sources */ = {
			isa = PBXSourcesBuildPhase;
			buildActionMask = 2147483647;
			files = (
			);
			runOnlyForDeploymentPostprocessing = 0;
		};
/* End PBXSourcesBuildPhase section */

/* Begin PBXTargetDependency section */
		3FE810CD2F26B6EE00CBD598 /* PBXTargetDependency */ = {
			isa = PBXTargetDependency;
			target = 3FE810B52F26B6ED00CBD598 /* zad7 */;
			targetProxy = 3FE810CC2F26B6EE00CBD598 /* PBXContainerItemProxy */;
		};
		3FE810D72F26B6EE00CBD598 /* PBXTargetDependency */ = {
			isa = PBXTargetDependency;
			target = 3FE810B52F26B6ED00CBD598 /* zad7 */;
			targetProxy = 3FE810D62F26B6EE00CBD598 /* PBXContainerItemProxy */;
		};
/* End PBXTargetDependency section */

/* Begin XCBuildConfiguration section */
		3FE810DD2F26B6EE00CBD598 /* Debug */ = {
			isa = XCBuildConfiguration;
			buildSettings = {
				ALWAYS_SEARCH_USER_PATHS = NO;
				ASSETCATALOG_COMPILER_GENERATE_SWIFT_ASSET_SYMBOL_EXTENSIONS = YES;
				CLANG_ANALYZER_NONNULL = YES;
				CLANG_ANALYZER_NUMBER_OBJECT_CONVERSION = YES_AGGRESSIVE;
				CLANG_CXX_LANGUAGE_STANDARD = "gnu++20";
				CLANG_ENABLE_MODULES = YES;
				CLANG_ENABLE_OBJC_ARC = YES;
				CLANG_ENABLE_OBJC_WEAK = YES;
				CLANG_WARN_BLOCK_CAPTURE_AUTORELEASING = YES;
				CLANG_WARN_BOOL_CONVERSION = YES;
				CLANG_WARN_COMMA = YES;
				CLANG_WARN_CONSTANT_CONVERSION = YES;
				CLANG_WARN_DEPRECATED_OBJC_IMPLEMENTATIONS = YES;
				CLANG_WARN_DIRECT_OBJC_ISA_USAGE = YES_ERROR;
				CLANG_WARN_DOCUMENTATION_COMMENTS = YES;
				CLANG_WARN_EMPTY_BODY = YES;
				CLANG_WARN_ENUM_CONVERSION = YES;
				CLANG_WARN_INFINITE_RECURSION = YES;
				CLANG_WARN_INT_CONVERSION = YES;
				CLANG_WARN_NON_LITERAL_NULL_CONVERSION = YES;
				CLANG_WARN_OBJC_IMPLICIT_RETAIN_SELF = YES;
				CLANG_WARN_OBJC_LITERAL_CONVERSION = YES;
				CLANG_WARN_OBJC_ROOT_CLASS = YES_ERROR;
				CLANG_WARN_QUOTED_INCLUDE_IN_FRAMEWORK_HEADER = YES;
				CLANG_WARN_RANGE_LOOP_ANALYSIS = YES;
				CLANG_WARN_STRICT_PROTOTYPES = YES;
				CLANG_WARN_SUSPICIOUS_MOVE = YES;
				CLANG_WARN_UNGUARDED_AVAILABILITY = YES_AGGRESSIVE;
				CLANG_WARN_UNREACHABLE_CODE = YES;
				CLANG_WARN__DUPLICATE_METHOD_MATCH = YES;
				COPY_PHASE_STRIP = NO;
				DEBUG_INFORMATION_FORMAT = dwarf;
				ENABLE_STRICT_OBJC_MSGSEND = YES;
				ENABLE_TESTABILITY = YES;
				ENABLE_USER_SCRIPT_SANDBOXING = YES;
				GCC_C_LANGUAGE_STANDARD = gnu17;
				GCC_DYNAMIC_NO_PIC = NO;
				GCC_NO_COMMON_BLOCKS = YES;
				GCC_OPTIMIZATION_LEVEL = 0;
				GCC_PREPROCESSOR_DEFINITIONS = (
					"DEBUG=1",
					"$(inherited)",
				);
				GCC_WARN_64_TO_32_BIT_CONVERSION = YES;
				GCC_WARN_ABOUT_RETURN_TYPE = YES_ERROR;
				GCC_WARN_UNDECLARED_SELECTOR = YES;
				GCC_WARN_UNINITIALIZED_AUTOS = YES_AGGRESSIVE;
				GCC_WARN_UNUSED_FUNCTION = YES;
				GCC_WARN_UNUSED_VARIABLE = YES;
				IPHONEOS_DEPLOYMENT_TARGET = 18.2;
				LOCALIZATION_PREFERS_STRING_CATALOGS = YES;
				MTL_ENABLE_DEBUG_INFO = INCLUDE_SOURCE;
				MTL_FAST_MATH = YES;
				ONLY_ACTIVE_ARCH = YES;
				SDKROOT = iphoneos;
				SWIFT_ACTIVE_COMPILATION_CONDITIONS = "DEBUG $(inherited)";
				SWIFT_OPTIMIZATION_LEVEL = "-Onone";
			};
			name = Debug;
		};
		3FE810DE2F26B6EE00CBD598 /* Release */ = {
			isa = XCBuildConfiguration;
			buildSettings = {
				ALWAYS_SEARCH_USER_PATHS = NO;
				ASSETCATALOG_COMPILER_GENERATE_SWIFT_ASSET_SYMBOL_EXTENSIONS = YES;
				CLANG_ANALYZER_NONNULL = YES;
				CLANG_ANALYZER_NUMBER_OBJECT_CONVERSION = YES_AGGRESSIVE;
				CLANG_CXX_LANGUAGE_STANDARD = "gnu++20";
				CLANG_ENABLE_MODULES = YES;
				CLANG_ENABLE_OBJC_ARC = YES;
				CLANG_ENABLE_OBJC_WEAK = YES;
				CLANG_WARN_BLOCK_CAPTURE_AUTORELEASING = YES;
				CLANG_WARN_BOOL_CONVERSION = YES;
				CLANG_WARN_COMMA = YES;
				CLANG_WARN_CONSTANT_CONVERSION = YES;
				CLANG_WARN_DEPRECATED_OBJC_IMPLEMENTATIONS = YES;
				CLANG_WARN_DIRECT_OBJC_ISA_USAGE = YES_ERROR;
				CLANG_WARN_DOCUMENTATION_COMMENTS = YES;
				CLANG_WARN_EMPTY_BODY = YES;
				CLANG_WARN_ENUM_CONVERSION = YES;
				CLANG_WARN_INFINITE_RECURSION = YES;
				CLANG_WARN_INT_CONVERSION = YES;
				CLANG_WARN_NON_LITERAL_NULL_CONVERSION = YES;
				CLANG_WARN_OBJC_IMPLICIT_RETAIN_SELF = YES;
				CLANG_WARN_OBJC_LITERAL_CONVERSION = YES;
				CLANG_WARN_OBJC_ROOT_CLASS = YES_ERROR;
				CLANG_WARN_QUOTED_INCLUDE_IN_FRAMEWORK_HEADER = YES;
				CLANG_WARN_RANGE_LOOP_ANALYSIS = YES;
				CLANG_WARN_STRICT_PROTOTYPES = YES;
				CLANG_WARN_SUSPICIOUS_MOVE = YES;
				CLANG_WARN_UNGUARDED_AVAILABILITY = YES_AGGRESSIVE;
				CLANG_WARN_UNREACHABLE_CODE = YES;
				CLANG_WARN__DUPLICATE_METHOD_MATCH = YES;
				COPY_PHASE_STRIP = NO;
				DEBUG_INFORMATION_FORMAT = "dwarf-with-dsym";
				ENABLE_NS_ASSERTIONS = NO;
				ENABLE_STRICT_OBJC_MSGSEND = YES;
				ENABLE_USER_SCRIPT_SANDBOXING = YES;
				GCC_C_LANGUAGE_STANDARD = gnu17;
				GCC_NO_COMMON_BLOCKS = YES;
				GCC_WARN_64_TO_32_BIT_CONVERSION = YES;
				GCC_WARN_ABOUT_RETURN_TYPE = YES_ERROR;
				GCC_WARN_UNDECLARED_SELECTOR = YES;
				GCC_WARN_UNINITIALIZED_AUTOS = YES_AGGRESSIVE;
				GCC_WARN_UNUSED_FUNCTION = YES;
				GCC_WARN_UNUSED_VARIABLE = YES;
				IPHONEOS_DEPLOYMENT_TARGET = 18.2;
				LOCALIZATION_PREFERS_STRING_CATALOGS = YES;
				MTL_ENABLE_DEBUG_INFO = NO;
				MTL_FAST_MATH = YES;
				SDKROOT = iphoneos;
				SWIFT_COMPILATION_MODE = wholemodule;
				VALIDATE_PRODUCT = YES;
			};
			name = Release;
		};
		3FE810E02F26B6EE00CBD598 /* Debug */ = {
			isa = XCBuildConfiguration;
			buildSettings = {
				ASSETCATALOG_COMPILER_APPICON_NAME = AppIcon;
				ASSETCATALOG_COMPILER_GLOBAL_ACCENT_COLOR_NAME = AccentColor;
				CODE_SIGN_STYLE = Automatic;
				CURRENT_PROJECT_VERSION = 1;
				DEVELOPMENT_ASSET_PATHS = "\"zad7/Preview Content\"";
				ENABLE_PREVIEWS = YES;
				GENERATE_INFOPLIST_FILE = YES;
				INFOPLIST_KEY_UIApplicationSceneManifest_Generation = YES;
				INFOPLIST_KEY_UIApplicationSupportsIndirectInputEvents = YES;
				INFOPLIST_KEY_UILaunchScreen_Generation = YES;
				INFOPLIST_KEY_UISupportedInterfaceOrientations_iPad = "UIInterfaceOrientationPortrait UIInterfaceOrientationPortraitUpsideDown UIInterfaceOrientationLandscapeLeft UIInterfaceOrientationLandscapeRight";
				INFOPLIST_KEY_UISupportedInterfaceOrientations_iPhone = "UIInterfaceOrientationPortrait UIInterfaceOrientationLandscapeLeft UIInterfaceOrientationLandscapeRight";
				LD_RUNPATH_SEARCH_PATHS = (
					"$(inherited)",
					"@executable_path/Frameworks",
				);
				MARKETING_VERSION = 1.0;
				PRODUCT_BUNDLE_IDENTIFIER = test.zad7;
				PRODUCT_NAME = "$(TARGET_NAME)";
				SWIFT_EMIT_LOC_STRINGS = YES;
				SWIFT_VERSION = 5.0;
				TARGETED_DEVICE_FAMILY = "1,2";
			};
			name = Debug;
		};
		3FE810E12F26B6EE00CBD598 /* Release */ = {
			isa = XCBuildConfiguration;
			buildSettings = {
				ASSETCATALOG_COMPILER_APPICON_NAME = AppIcon;
				ASSETCATALOG_COMPILER_GLOBAL_ACCENT_COLOR_NAME = AccentColor;
				CODE_SIGN_STYLE = Automatic;
				CURRENT_PROJECT_VERSION = 1;
				DEVELOPMENT_ASSET_PATHS = "\"zad7/Preview Content\"";
				ENABLE_PREVIEWS = YES;
				GENERATE_INFOPLIST_FILE = YES;
				INFOPLIST_KEY_UIApplicationSceneManifest_Generation = YES;
				INFOPLIST_KEY_UIApplicationSupportsIndirectInputEvents = YES;
				INFOPLIST_KEY_UILaunchScreen_Generation = YES;
				INFOPLIST_KEY_UISupportedInterfaceOrientations_iPad = "UIInterfaceOrientationPortrait UIInterfaceOrientationPortraitUpsideDown UIInterfaceOrientationLandscapeLeft UIInterfaceOrientationLandscapeRight";
				INFOPLIST_KEY_UISupportedInterfaceOrientations_iPhone = "UIInterfaceOrientationPortrait UIInterfaceOrientationLandscapeLeft UIInterfaceOrientationLandscapeRight";
				LD_RUNPATH_SEARCH_PATHS = (
					"$(inherited)",
					"@executable_path/Frameworks",
				);
				MARKETING_VERSION = 1.0;
				PRODUCT_BUNDLE_IDENTIFIER = test.zad7;
				PRODUCT_NAME = "$(TARGET_NAME)";
				SWIFT_EMIT_LOC_STRINGS = YES;
				SWIFT_VERSION = 5.0;
				TARGETED_DEVICE_FAMILY = "1,2";
			};
			name = Release;
		};
		3FE810E32F26B6EE00CBD598 /* Debug */ = {
			isa = XCBuildConfiguration;
			buildSettings = {
				BUNDLE_LOADER = "$(TEST_HOST)";
				CODE_SIGN_STYLE = Automatic;
				CURRENT_PROJECT_VERSION = 1;
				GENERATE_INFOPLIST_FILE = YES;
				IPHONEOS_DEPLOYMENT_TARGET = 18.2;
				MARKETING_VERSION = 1.0;
				PRODUCT_BUNDLE_IDENTIFIER = test.zad7Tests;
				PRODUCT_NAME = "$(TARGET_NAME)";
				SWIFT_EMIT_LOC_STRINGS = NO;
				SWIFT_VERSION = 5.0;
				TARGETED_DEVICE_FAMILY = "1,2";
				TEST_HOST = "$(BUILT_PRODUCTS_DIR)/zad7.app/$(BUNDLE_EXECUTABLE_FOLDER_PATH)/zad7";
			};
			name = Debug;
		};
		3FE810E42F26B6EE00CBD598 /* Release */ = {
			isa = XCBuildConfiguration;
			buildSettings = {
				BUNDLE_LOADER = "$(TEST_HOST)";
				CODE_SIGN_STYLE = Automatic;
				CURRENT_PROJECT_VERSION = 1;
				GENERATE_INFOPLIST_FILE = YES;
				IPHONEOS_DEPLOYMENT_TARGET = 18.2;
				MARKETING_VERSION = 1.0;
				PRODUCT_BUNDLE_IDENTIFIER = test.zad7Tests;
				PRODUCT_NAME = "$(TARGET_NAME)";
				SWIFT_EMIT_LOC_STRINGS = NO;
				SWIFT_VERSION = 5.0;
				TARGETED_DEVICE_FAMILY = "1,2";
				TEST_HOST = "$(BUILT_PRODUCTS_DIR)/zad7.app/$(BUNDLE_EXECUTABLE_FOLDER_PATH)/zad7";
			};
			name = Release;
		};
		3FE810E62F26B6EE00CBD598 /* Debug */ = {
			isa = XCBuildConfiguration;
			buildSettings = {
				CODE_SIGN_STYLE = Automatic;
				CURRENT_PROJECT_VERSION = 1;
				GENERATE_INFOPLIST_FILE = YES;
				MARKETING_VERSION = 1.0;
				PRODUCT_BUNDLE_IDENTIFIER = test.zad7UITests;
				PRODUCT_NAME = "$(TARGET_NAME)";
				SWIFT_EMIT_LOC_STRINGS = NO;
				SWIFT_VERSION = 5.0;
				TARGETED_DEVICE_FAMILY = "1,2";
				TEST_TARGET_NAME = zad7;
			};
			name = Debug;
		};
		3FE810E72F26B6EE00CBD598 /* Release */ = {
			isa = XCBuildConfiguration;
			buildSettings = {
				CODE_SIGN_STYLE = Automatic;
				CURRENT_PROJECT_VERSION = 1;
				GENERATE_INFOPLIST_FILE = YES;
				MARKETING_VERSION = 1.0;
				PRODUCT_BUNDLE_IDENTIFIER = test.zad7UITests;
				PRODUCT_NAME = "$(TARGET_NAME)";
				SWIFT_EMIT_LOC_STRINGS = NO;
				SWIFT_VERSION = 5.0;
				TARGETED_DEVICE_FAMILY = "1,2";
				TEST_TARGET_NAME = zad7;
			};
			name = Release;
		};
/* End XCBuildConfiguration section */

/* Begin XCConfigurationList section */
		3FE810B12F26B6ED00CBD598 /* Build configuration list for PBXProject "zad7" */ = {
			isa = XCConfigurationList;
			buildConfigurations = (
				3FE810DD2F26B6EE00CBD598 /* Debug */,
				3FE810DE2F26B6EE00CBD598 /* Release */,
			);
			defaultConfigurationIsVisible = 0;
			defaultConfigurationName = Release;
		};
		3FE810DF2F26B6EE00CBD598 /* Build configuration list for PBXNativeTarget "zad7" */ = {
			isa = XCConfigurationList;
			buildConfigurations = (
				3FE810E02F26B6EE00CBD598 /* Debug */,
				3FE810E12F26B6EE00CBD598 /* Release */,
			);
			defaultConfigurationIsVisible = 0;
			defaultConfigurationName = Release;
		};
		3FE810E22F26B6EE00CBD598 /* Build configuration list for PBXNativeTarget "zad7Tests" */ = {
			isa = XCConfigurationList;
			buildConfigurations = (
				3FE810E32F26B6EE00CBD598 /* Debug */,
				3FE810E42F26B6EE00CBD598 /* Release */,
			);
			defaultConfigurationIsVisible = 0;
			defaultConfigurationName = Release;
		};
		3FE810E52F26B6EE00CBD598 /* Build configuration list for PBXNativeTarget "zad7UITests" */ = {
			isa = XCConfigurationList;
			buildConfigurations = (
				3FE810E62F26B6EE00CBD598 /* Debug */,
				3FE810E72F26B6EE00CBD598 /* Release */,
			);
			defaultConfigurationIsVisible = 0;
			defaultConfigurationName = Release;
		};
/* End XCConfigurationList section */
	};
	rootObject = 3FE810AE2F26B6ED00CBD598 /* Project object */;
}
